
Microsoft Visual Studio Solution File, Format Version 12.00
# Visual Studio Version 17
VisualStudioVersion = 17.0.31903.59
MinimumVisualStudioVersion = 10.0.40219.1
Project("{FAE04EC0-301F-11D3-BF4B-00C04F79EFBC}") = "CloudCustomers.API", "CloudCustomers.API\CloudCustomers.API.csproj", "{2361BFF4-8474-4685-AD05-87252C09FBDC}"
EndProject
Project("{FAE04EC0-301F-11D3-BF4B-00C04F79EFBC}") = "CloudCustomers.UnitTests", "CloudCustomers.UnitTests\CloudCustomers.UnitTests.csproj", "{A044BBCC-4E32-4DBB-80FA-5CBB77CD7EF7}"
EndProject
Project("{FAE04EC0-301F-11D3-BF4B-00C04F79EFBC}") = "CloudCustomers.Domain", "CloudCustomers.Domain\CloudCustomers.Domain.csproj", "{27D84A31-B51B-4A14-B6A7-314110607519}"
EndProject
Global
	GlobalSection(SolutionConfigurationPlatforms) = preSolution
		Debug|Any CPU = Debug|Any CPU
		Release|Any CPU = Release|Any CPU
	EndGlobalSection
	GlobalSection(SolutionProperties) = preSolution
		HideSolutionNode = FALSE
	EndGlobalSection
	GlobalSection(ProjectConfigurationPlatforms) = postSolution
		{2361BFF4-8474-4685-AD05-87252C09FBDC}.Debug|Any CPU.ActiveCfg = Debug|Any CPU
		{2361BFF4-8474-4685-AD05-87252C09FBDC}.Debug|Any CPU.Build.0 = Debug|Any CPU
		{2361BFF4-8474-4685-AD05-87252C09FBDC}.Release|Any CPU.ActiveCfg = Release|Any CPU
		{2361BFF4-8474-4685-AD05-87252C09FBDC}.Release|Any CPU.Build.0 = Release|Any CPU
		{A044BBCC-4E32-4DBB-80FA-5CBB77CD7EF7}.Debug|Any CPU.ActiveCfg = Debug|Any CPU
		{A044BBCC-4E32-4DBB-80FA-5CBB77CD7EF7}.Debug|Any CPU.Build.0 = Debug|Any CPU
		{A044BBCC-4E32-4DBB-80FA-5CBB77CD7EF7}.Release|Any CPU.ActiveCfg = Release|Any CPU
		{A044BBCC-4E32-4DBB-80FA-5CBB77CD7EF7}.Release|Any CPU.Build.0 = Release|Any CPU
		{27D84A31-B51B-4A14-B6A7-314110607519}.Debug|Any CPU.ActiveCfg = Debug|Any CPU
		{27D84A31-B51B-4A14-B6A7-314110607519}.Debug|Any CPU.Build.0 = Debug|Any CPU
		{27D84A31-B51B-4A14-B6A7-314110607519}.Release|Any CPU.ActiveCfg = Release|Any CPU
		{27D84A31-B51B-4A14-B6A7-314110607519}.Release|Any CPU.Build.0 = Release|Any CPU
	EndGlobalSection
EndGlobal
